
Microsoft Visual Studio Solution File, Format Version 12.00
# Visual Studio 15
VisualStudioVersion = 15.0.27428.2037
MinimumVisualStudioVersion = 10.0.40219.1
Project("{FAE04EC0-301F-11D3-BF4B-00C04F79EFBC}") = "DataStructures_And_Algorithms", "DataStructures_And_Algorithms\DataStructures_And_Algorithms.csproj", "{503FFB36-F09B-4006-86A3-6C0766E04823}"
EndProject
Global
	GlobalSection(SolutionConfigurationPlatforms) = preSolution
		Debug|Any CPU = Debug|Any CPU
		Release|Any CPU = Release|Any CPU
	EndGlobalSection
	GlobalSection(ProjectConfigurationPlatforms) = postSolution
		{503FFB36-F09B-4006-86A3-6C0766E04823}.Debug|Any CPU.ActiveCfg = Debug|Any CPU
		{503FFB36-F09B-4006-86A3-6C0766E04823}.Debug|Any CPU.Build.0 = Debug|Any CPU
		{503FFB36-F09B-4006-86A3-6C0766E04823}.Release|Any CPU.ActiveCfg = Release|Any CPU
		{503FFB36-F09B-4006-86A3-6C0766E04823}.Release|Any CPU.Build.0 = Release|Any CPU
	EndGlobalSection
	GlobalSection(SolutionProperties) = preSolution
		HideSolutionNode = FALSE
	EndGlobalSection
	GlobalSection(ExtensibilityGlobals) = postSolution
		SolutionGuid = {C580184B-A5C1-48B7-BD99-D51AFC4E5EB4}
	EndGlobalSection
EndGlobal
